
Microsoft Visual Studio Solution File, Format Version 12.00
# Visual Studio Version 17
VisualStudioVersion = 17.8.34525.116
MinimumVisualStudioVersion = 10.0.40219.1
Project("{FAE04EC0-301F-11D3-BF4B-00C04F79EFBC}") = "BlogProjectWebApi", "BlogProjectWebApi\BlogProjectWebApi.csproj", "{6CF7B3A3-77C1-4220-815D-5FDEBEADB154}"
EndProject
Global
	GlobalSection(SolutionConfigurationPlatforms) = preSolution
		Debug|Any CPU = Debug|Any CPU
		Release|Any CPU = Release|Any CPU
	EndGlobalSection
	GlobalSection(ProjectConfigurationPlatforms) = postSolution
		{6CF7B3A3-77C1-4220-815D-5FDEBEADB154}.Debug|Any CPU.ActiveCfg = Debug|Any CPU
		{6CF7B3A3-77C1-4220-815D-5FDEBEADB154}.Debug|Any CPU.Build.0 = Debug|Any CPU
		{6CF7B3A3-77C1-4220-815D-5FDEBEADB154}.Release|Any CPU.ActiveCfg = Release|Any CPU
		{6CF7B3A3-77C1-4220-815D-5FDEBEADB154}.Release|Any CPU.Build.0 = Release|Any CPU
	EndGlobalSection
	GlobalSection(SolutionProperties) = preSolution
		HideSolutionNode = FALSE
	EndGlobalSection
	GlobalSection(ExtensibilityGlobals) = postSolution
		SolutionGuid = {D335658C-E3D7-4929-B637-1FA723F27D69}
	EndGlobalSection
EndGlobal
